
Microsoft Visual Studio Solution File, Format Version 12.00
# Visual Studio Version 17
VisualStudioVersion = 17.9.34728.123
MinimumVisualStudioVersion = 10.0.40219.1
Project("{FAE04EC0-301F-11D3-BF4B-00C04F79EFBC}") = "01_MainSubjects", "01_MainSubjects\01_MainSubjects.csproj", "{9ED63A64-3FAB-4F4F-88AA-B4CAD424CFED}"
EndProject
Project("{FAE04EC0-301F-11D3-BF4B-00C04F79EFBC}") = "02_Variables", "02_Variables\02_Variables.csproj", "{6EDFE9F2-4757-487F-8781-E93B600B5266}"
EndProject
Project("{FAE04EC0-301F-11D3-BF4B-00C04F79EFBC}") = "03_MakingDecision", "03_MakingDecision\03_MakingDecision.csproj", "{E2990353-2F86-47FB-823C-760268E47D65}"
EndProject
Project("{FAE04EC0-301F-11D3-BF4B-00C04F79EFBC}") = "04_Loops", "04_Loops\04_Loops.csproj", "{FCC8242B-FE30-489E-924C-197B76396F7E}"
EndProject
Project("{FAE04EC0-301F-11D3-BF4B-00C04F79EFBC}") = "05_LoopsWithStars", "05_LoopsWithStars\05_LoopsWithStars.csproj", "{425B020C-C0FA-4F17-B020-70E1BAAD922A}"
EndProject
Project("{FAE04EC0-301F-11D3-BF4B-00C04F79EFBC}") = "06_Arrays", "06_Arrays\06_Arrays.csproj", "{C668EAFC-FBB9-46BD-8B99-D1BFAB42ABCC}"
EndProject
Global
	GlobalSection(SolutionConfigurationPlatforms) = preSolution
		Debug|Any CPU = Debug|Any CPU
		Release|Any CPU = Release|Any CPU
	EndGlobalSection
	GlobalSection(ProjectConfigurationPlatforms) = postSolution
		{9ED63A64-3FAB-4F4F-88AA-B4CAD424CFED}.Debug|Any CPU.ActiveCfg = Debug|Any CPU
		{9ED63A64-3FAB-4F4F-88AA-B4CAD424CFED}.Debug|Any CPU.Build.0 = Debug|Any CPU
		{9ED63A64-3FAB-4F4F-88AA-B4CAD424CFED}.Release|Any CPU.ActiveCfg = Release|Any CPU
		{9ED63A64-3FAB-4F4F-88AA-B4CAD424CFED}.Release|Any CPU.Build.0 = Release|Any CPU
		{6EDFE9F2-4757-487F-8781-E93B600B5266}.Debug|Any CPU.ActiveCfg = Debug|Any CPU
		{6EDFE9F2-4757-487F-8781-E93B600B5266}.Debug|Any CPU.Build.0 = Debug|Any CPU
		{6EDFE9F2-4757-487F-8781-E93B600B5266}.Release|Any CPU.ActiveCfg = Release|Any CPU
		{6EDFE9F2-4757-487F-8781-E93B600B5266}.Release|Any CPU.Build.0 = Release|Any CPU
		{E2990353-2F86-47FB-823C-760268E47D65}.Debug|Any CPU.ActiveCfg = Debug|Any CPU
		{E2990353-2F86-47FB-823C-760268E47D65}.Debug|Any CPU.Build.0 = Debug|Any CPU
		{E2990353-2F86-47FB-823C-760268E47D65}.Release|Any CPU.ActiveCfg = Release|Any CPU
		{E2990353-2F86-47FB-823C-760268E47D65}.Release|Any CPU.Build.0 = Release|Any CPU
		{FCC8242B-FE30-489E-924C-197B76396F7E}.Debug|Any CPU.ActiveCfg = Debug|Any CPU
		{FCC8242B-FE30-489E-924C-197B76396F7E}.Debug|Any CPU.Build.0 = Debug|Any CPU
		{FCC8242B-FE30-489E-924C-197B76396F7E}.Release|Any CPU.ActiveCfg = Release|Any CPU
		{FCC8242B-FE30-489E-924C-197B76396F7E}.Release|Any CPU.Build.0 = Release|Any CPU
		{425B020C-C0FA-4F17-B020-70E1BAAD922A}.Debug|Any CPU.ActiveCfg = Debug|Any CPU
		{425B020C-C0FA-4F17-B020-70E1BAAD922A}.Debug|Any CPU.Build.0 = Debug|Any CPU
		{425B020C-C0FA-4F17-B020-70E1BAAD922A}.Release|Any CPU.ActiveCfg = Release|Any CPU
		{425B020C-C0FA-4F17-B020-70E1BAAD922A}.Release|Any CPU.Build.0 = Release|Any CPU
		{C668EAFC-FBB9-46BD-8B99-D1BFAB42ABCC}.Debug|Any CPU.ActiveCfg = Debug|Any CPU
		{C668EAFC-FBB9-46BD-8B99-D1BFAB42ABCC}.Debug|Any CPU.Build.0 = Debug|Any CPU
		{C668EAFC-FBB9-46BD-8B99-D1BFAB42ABCC}.Release|Any CPU.ActiveCfg = Release|Any CPU
		{C668EAFC-FBB9-46BD-8B99-D1BFAB42ABCC}.Release|Any CPU.Build.0 = Release|Any CPU
	EndGlobalSection
	GlobalSection(SolutionProperties) = preSolution
		HideSolutionNode = FALSE
	EndGlobalSection
	GlobalSection(ExtensibilityGlobals) = postSolution
		SolutionGuid = {23AD2794-D472-4238-AA54-C09CC10D98E3}
	EndGlobalSection
EndGlobal
